// !$*UTF8*$!
{
	archiveVersion = 1;
	classes = {
	};
	objectVersion = 50;
	objects = {

/* Begin PBXBuildFile section */
		2C16DD4F2624DE1E00AEDE62 /* SkiDetailsView.swift in Sources */ = {isa = PBXBuildFile; fileRef = 2C16DD4E2624DE1E00AEDE62 /* SkiDetailsView.swift */; };
		2C16DD522624DEF100AEDE62 /* ResortDetailsView.swift in Sources */ = {isa = PBXBuildFile; fileRef = 2C16DD512624DEF100AEDE62 /* ResortDetailsView.swift */; };
		2C16DD562626170B00AEDE62 /* Facility.swift in Sources */ = {isa = PBXBuildFile; fileRef = 2C16DD552626170B00AEDE62 /* Facility.swift */; };
		2C16DD5926261E2A00AEDE62 /* Favourites.swift in Sources */ = {isa = PBXBuildFile; fileRef = 2C16DD5826261E2A00AEDE62 /* Favourites.swift */; };
		2C81FB662624CDAC0093DF0B /* SnowSeekerApp.swift in Sources */ = {isa = PBXBuildFile; fileRef = 2C81FB652624CDAC0093DF0B /* SnowSeekerApp.swift */; };
		2C81FB682624CDAC0093DF0B /* ContentView.swift in Sources */ = {isa = PBXBuildFile; fileRef = 2C81FB672624CDAC0093DF0B /* ContentView.swift */; };
		2C81FB6A2624CDAD0093DF0B /* Assets.xcassets in Resources */ = {isa = PBXBuildFile; fileRef = 2C81FB692624CDAD0093DF0B /* Assets.xcassets */; };
		2C81FB6D2624CDAD0093DF0B /* Preview Assets.xcassets in Resources */ = {isa = PBXBuildFile; fileRef = 2C81FB6C2624CDAD0093DF0B /* Preview Assets.xcassets */; };
		2C81FB762624CFE10093DF0B /* resorts.json in Resources */ = {isa = PBXBuildFile; fileRef = 2C81FB752624CFE10093DF0B /* resorts.json */; };
		2C81FB792624D02C0093DF0B /* Resort.swift in Sources */ = {isa = PBXBuildFile; fileRef = 2C81FB782624D02C0093DF0B /* Resort.swift */; };
		2C81FB7C2624D15A0093DF0B /* Bundle-Decodable.swift in Sources */ = {isa = PBXBuildFile; fileRef = 2C81FB7B2624D15A0093DF0B /* Bundle-Decodable.swift */; };
		2C81FB7F2624D8CF0093DF0B /* WelcomeView.swift in Sources */ = {isa = PBXBuildFile; fileRef = 2C81FB7E2624D8CF0093DF0B /* WelcomeView.swift */; };
		2C81FB822624DB690093DF0B /* ResortView.swift in Sources */ = {isa = PBXBuildFile; fileRef = 2C81FB812624DB690093DF0B /* ResortView.swift */; };
/* End PBXBuildFile section */

/* Begin PBXFileReference section */
		2C16DD4E2624DE1E00AEDE62 /* SkiDetailsView.swift */ = {isa = PBXFileReference; lastKnownFileType = sourcecode.swift; path = SkiDetailsView.swift; sourceTree = "<group>"; };
		2C16DD512624DEF100AEDE62 /* ResortDetailsView.swift */ = {isa = PBXFileReference; lastKnownFileType = sourcecode.swift; path = ResortDetailsView.swift; sourceTree = "<group>"; };
		2C16DD552626170B00AEDE62 /* Facility.swift */ = {isa = PBXFileReference; lastKnownFileType = sourcecode.swift; path = Facility.swift; sourceTree = "<group>"; };
		2C16DD5826261E2A00AEDE62 /* Favourites.swift */ = {isa = PBXFileReference; lastKnownFileType = sourcecode.swift; path = Favourites.swift; sourceTree = "<group>"; };
		2C81FB622624CDAC0093DF0B /* SnowSeeker.app */ = {isa = PBXFileReference; explicitFileType = wrapper.application; includeInIndex = 0; path = SnowSeeker.app; sourceTree = BUILT_PRODUCTS_DIR; };
		2C81FB652624CDAC0093DF0B /* SnowSeekerApp.swift */ = {isa = PBXFileReference; lastKnownFileType = sourcecode.swift; path = SnowSeekerApp.swift; sourceTree = "<group>"; };
		2C81FB672624CDAC0093DF0B /* ContentView.swift */ = {isa = PBXFileReference; lastKnownFileType = sourcecode.swift; path = ContentView.swift; sourceTree = "<group>"; };
		2C81FB692624CDAD0093DF0B /* Assets.xcassets */ = {isa = PBXFileReference; lastKnownFileType = folder.assetcatalog; path = Assets.xcassets; sourceTree = "<group>"; };
		2C81FB6C2624CDAD0093DF0B /* Preview Assets.xcassets */ = {isa = PBXFileReference; lastKnownFileType = folder.assetcatalog; path = "Preview Assets.xcassets"; sourceTree = "<group>"; };
		2C81FB6E2624CDAD0093DF0B /* Info.plist */ = {isa = PBXFileReference; lastKnownFileType = text.plist.xml; path = Info.plist; sourceTree = "<group>"; };
		2C81FB752624CFE10093DF0B /* resorts.json */ = {isa = PBXFileReference; fileEncoding = 4; lastKnownFileType = text.json; path = resorts.json; sourceTree = "<group>"; };
		2C81FB782624D02C0093DF0B /* Resort.swift */ = {isa = PBXFileReference; lastKnownFileType = sourcecode.swift; path = Resort.swift; sourceTree = "<group>"; };
		2C81FB7B2624D15A0093DF0B /* Bundle-Decodable.swift */ = {isa = PBXFileReference; lastKnownFileType = sourcecode.swift; path = "Bundle-Decodable.swift"; sourceTree = "<group>"; };
		2C81FB7E2624D8CF0093DF0B /* WelcomeView.swift */ = {isa = PBXFileReference; lastKnownFileType = sourcecode.swift; path = WelcomeView.swift; sourceTree = "<group>"; };
		2C81FB812624DB690093DF0B /* ResortView.swift */ = {isa = PBXFileReference; lastKnownFileType = sourcecode.swift; path = ResortView.swift; sourceTree = "<group>"; };
/* End PBXFileReference section */

/* Begin PBXFrameworksBuildPhase section */
		2C81FB5F2624CDAC0093DF0B /* Frameworks */ = {
			isa = PBXFrameworksBuildPhase;
			buildActionMask = 2147483647;
			files = (
			);
			runOnlyForDeploymentPostprocessing = 0;
		};
/* End PBXFrameworksBuildPhase section */

/* Begin PBXGroup section */
		2C81FB592624CDAC0093DF0B = {
			isa = PBXGroup;
			children = (
				2C81FB642624CDAC0093DF0B /* SnowSeeker */,
				2C81FB632624CDAC0093DF0B /* Products */,
			);
			sourceTree = "<group>";
		};
		2C81FB632624CDAC0093DF0B /* Products */ = {
			isa = PBXGroup;
			children = (
				2C81FB622624CDAC0093DF0B /* SnowSeeker.app */,
			);
			name = Products;
			sourceTree = "<group>";
		};
		2C81FB642624CDAC0093DF0B /* SnowSeeker */ = {
			isa = PBXGroup;
			children = (
				2C81FB652624CDAC0093DF0B /* SnowSeekerApp.swift */,
				2C81FB672624CDAC0093DF0B /* ContentView.swift */,
				2C81FB7E2624D8CF0093DF0B /* WelcomeView.swift */,
				2C16DD4E2624DE1E00AEDE62 /* SkiDetailsView.swift */,
				2C16DD512624DEF100AEDE62 /* ResortDetailsView.swift */,
				2C16DD552626170B00AEDE62 /* Facility.swift */,
				2C81FB782624D02C0093DF0B /* Resort.swift */,
				2C81FB812624DB690093DF0B /* ResortView.swift */,
				2C16DD5826261E2A00AEDE62 /* Favourites.swift */,
				2C81FB7B2624D15A0093DF0B /* Bundle-Decodable.swift */,
				2C81FB752624CFE10093DF0B /* resorts.json */,
				2C81FB692624CDAD0093DF0B /* Assets.xcassets */,
				2C81FB6E2624CDAD0093DF0B /* Info.plist */,
				2C81FB6B2624CDAD0093DF0B /* Preview Content */,
			);
			path = SnowSeeker;
			sourceTree = "<group>";
		};
		2C81FB6B2624CDAD0093DF0B /* Preview Content */ = {
			isa = PBXGroup;
			children = (
				2C81FB6C2624CDAD0093DF0B /* Preview Assets.xcassets */,
			);
			path = "Preview Content";
			sourceTree = "<group>";
		};
/* End PBXGroup section */

/* Begin PBXNativeTarget section */
		2C81FB612624CDAC0093DF0B /* SnowSeeker */ = {
			isa = PBXNativeTarget;
			buildConfigurationList = 2C81FB712624CDAD0093DF0B /* Build configuration list for PBXNativeTarget "SnowSeeker" */;
			buildPhases = (
				2C81FB5E2624CDAC0093DF0B /* Sources */,
				2C81FB5F2624CDAC0093DF0B /* Frameworks */,
				2C81FB602624CDAC0093DF0B /* Resources */,
			);
			buildRules = (
			);
			dependencies = (
			);
			name = SnowSeeker;
			productName = SnowSeeker;
			productReference = 2C81FB622624CDAC0093DF0B /* SnowSeeker.app */;
			productType = "com.apple.product-type.application";
		};
/* End PBXNativeTarget section */

/* Begin PBXProject section */
		2C81FB5A2624CDAC0093DF0B /* Project object */ = {
			isa = PBXProject;
			attributes = {
				LastSwiftUpdateCheck = 1240;
				LastUpgradeCheck = 1240;
				TargetAttributes = {
					2C81FB612624CDAC0093DF0B = {
						CreatedOnToolsVersion = 12.4;
					};
				};
			};
			buildConfigurationList = 2C81FB5D2624CDAC0093DF0B /* Build configuration list for PBXProject "SnowSeeker" */;
			compatibilityVersion = "Xcode 9.3";
			developmentRegion = en;
			hasScannedForEncodings = 0;
			knownRegions = (
				en,
				Base,
			);
			mainGroup = 2C81FB592624CDAC0093DF0B;
			productRefGroup = 2C81FB632624CDAC0093DF0B /* Products */;
			projectDirPath = "";
			projectRoot = "";
			targets = (
				2C81FB612624CDAC0093DF0B /* SnowSeeker */,
			);
		};
/* End PBXProject section */

/* Begin PBXResourcesBuildPhase section */
		2C81FB602624CDAC0093DF0B /* Resources */ = {
			isa = PBXResourcesBuildPhase;
			buildActionMask = 2147483647;
			files = (
				2C81FB762624CFE10093DF0B /* resorts.json in Resources */,
				2C81FB6D2624CDAD0093DF0B /* Preview Assets.xcassets in Resources */,
				2C81FB6A2624CDAD0093DF0B /* Assets.xcassets in Resources */,
			);
			runOnlyForDeploymentPostprocessing = 0;
		};
/* End PBXResourcesBuildPhase section */

/* Begin PBXSourcesBuildPhase section */
		2C81FB5E2624CDAC0093DF0B /* Sources */ = {
			isa = PBXSourcesBuildPhase;
			buildActionMask = 2147483647;
			files = (
				2C81FB7F2624D8CF0093DF0B /* WelcomeView.swift in Sources */,
				2C16DD4F2624DE1E00AEDE62 /* SkiDetailsView.swift in Sources */,
				2C16DD522624DEF100AEDE62 /* ResortDetailsView.swift in Sources */,
				2C16DD562626170B00AEDE62 /* Facility.swift in Sources */,
				2C81FB682624CDAC0093DF0B /* ContentView.swift in Sources */,
				2C16DD5926261E2A00AEDE62 /* Favourites.swift in Sources */,
				2C81FB792624D02C0093DF0B /* Resort.swift in Sources */,
				2C81FB822624DB690093DF0B /* ResortView.swift in Sources */,
				2C81FB662624CDAC0093DF0B /* SnowSeekerApp.swift in Sources */,
				2C81FB7C2624D15A0093DF0B /* Bundle-Decodable.swift in Sources */,
			);
			runOnlyForDeploymentPostprocessing = 0;
		};
/* End PBXSourcesBuildPhase section */

/* Begin XCBuildConfiguration section */
		2C81FB6F2624CDAD0093DF0B /* Debug */ = {
			isa = XCBuildConfiguration;
			buildSettings = {
				ALWAYS_SEARCH_USER_PATHS = NO;
				CLANG_ANALYZER_NONNULL = YES;
				CLANG_ANALYZER_NUMBER_OBJECT_CONVERSION = YES_AGGRESSIVE;
				CLANG_CXX_LANGUAGE_STANDARD = "gnu++14";
				CLANG_CXX_LIBRARY = "libc++";
				CLANG_ENABLE_MODULES = YES;
				CLANG_ENABLE_OBJC_ARC = YES;
				CLANG_ENABLE_OBJC_WEAK = YES;
				CLANG_WARN_BLOCK_CAPTURE_AUTORELEASING = YES;
				CLANG_WARN_BOOL_CONVERSION = YES;
				CLANG_WARN_COMMA = YES;
				CLANG_WARN_CONSTANT_CONVERSION = YES;
				CLANG_WARN_DEPRECATED_OBJC_IMPLEMENTATIONS = YES;
				CLANG_WARN_DIRECT_OBJC_ISA_USAGE = YES_ERROR;
				CLANG_WARN_DOCUMENTATION_COMMENTS = YES;
				CLANG_WARN_EMPTY_BODY = YES;
				CLANG_WARN_ENUM_CONVERSION = YES;
				CLANG_WARN_INFINITE_RECURSION = YES;
				CLANG_WARN_INT_CONVERSION = YES;
				CLANG_WARN_NON_LITERAL_NULL_CONVERSION = YES;
				CLANG_WARN_OBJC_IMPLICIT_RETAIN_SELF = YES;
				CLANG_WARN_OBJC_LITERAL_CONVERSION = YES;
				CLANG_WARN_OBJC_ROOT_CLASS = YES_ERROR;
				CLANG_WARN_QUOTED_INCLUDE_IN_FRAMEWORK_HEADER = YES;
				CLANG_WARN_RANGE_LOOP_ANALYSIS = YES;
				CLANG_WARN_STRICT_PROTOTYPES = YES;
				CLANG_WARN_SUSPICIOUS_MOVE = YES;
				CLANG_WARN_UNGUARDED_AVAILABILITY = YES_AGGRESSIVE;
				CLANG_WARN_UNREACHABLE_CODE = YES;
				CLANG_WARN__DUPLICATE_METHOD_MATCH = YES;
				COPY_PHASE_STRIP = NO;
				DEBUG_INFORMATION_FORMAT = dwarf;
				ENABLE_STRICT_OBJC_MSGSEND = YES;
				ENABLE_TESTABILITY = YES;
				GCC_C_LANGUAGE_STANDARD = gnu11;
				GCC_DYNAMIC_NO_PIC = NO;
				GCC_NO_COMMON_BLOCKS = YES;
				GCC_OPTIMIZATION_LEVEL = 0;
				GCC_PREPROCESSOR_DEFINITIONS = (
					"DEBUG=1",
					"$(inherited)",
				);
				GCC_WARN_64_TO_32_BIT_CONVERSION = YES;
				GCC_WARN_ABOUT_RETURN_TYPE = YES_ERROR;
				GCC_WARN_UNDECLARED_SELECTOR = YES;
				GCC_WARN_UNINITIALIZED_AUTOS = YES_AGGRESSIVE;
				GCC_WARN_UNUSED_FUNCTION = YES;
				GCC_WARN_UNUSED_VARIABLE = YES;
				IPHONEOS_DEPLOYMENT_TARGET = 14.4;
				MTL_ENABLE_DEBUG_INFO = INCLUDE_SOURCE;
				MTL_FAST_MATH = YES;
				ONLY_ACTIVE_ARCH = YES;
				SDKROOT = iphoneos;
				SWIFT_ACTIVE_COMPILATION_CONDITIONS = DEBUG;
				SWIFT_OPTIMIZATION_LEVEL = "-Onone";
			};
			name = Debug;
		};
		2C81FB702624CDAD0093DF0B /* Release */ = {
			isa = XCBuildConfiguration;
			buildSettings = {
				ALWAYS_SEARCH_USER_PATHS = NO;
				CLANG_ANALYZER_NONNULL = YES;
				CLANG_ANALYZER_NUMBER_OBJECT_CONVERSION = YES_AGGRESSIVE;
				CLANG_CXX_LANGUAGE_STANDARD = "gnu++14";
				CLANG_CXX_LIBRARY = "libc++";
				CLANG_ENABLE_MODULES = YES;
				CLANG_ENABLE_OBJC_ARC = YES;
				CLANG_ENABLE_OBJC_WEAK = YES;
				CLANG_WARN_BLOCK_CAPTURE_AUTORELEASING = YES;
				CLANG_WARN_BOOL_CONVERSION = YES;
				CLANG_WARN_COMMA = YES;
				CLANG_WARN_CONSTANT_CONVERSION = YES;
				CLANG_WARN_DEPRECATED_OBJC_IMPLEMENTATIONS = YES;
				CLANG_WARN_DIRECT_OBJC_ISA_USAGE = YES_ERROR;
				CLANG_WARN_DOCUMENTATION_COMMENTS = YES;
				CLANG_WARN_EMPTY_BODY = YES;
				CLANG_WARN_ENUM_CONVERSION = YES;
				CLANG_WARN_INFINITE_RECURSION = YES;
				CLANG_WARN_INT_CONVERSION = YES;
				CLANG_WARN_NON_LITERAL_NULL_CONVERSION = YES;
				CLANG_WARN_OBJC_IMPLICIT_RETAIN_SELF = YES;
				CLANG_WARN_OBJC_LITERAL_CONVERSION = YES;
				CLANG_WARN_OBJC_ROOT_CLASS = YES_ERROR;
				CLANG_WARN_QUOTED_INCLUDE_IN_FRAMEWORK_HEADER = YES;
				CLANG_WARN_RANGE_LOOP_ANALYSIS = YES;
				CLANG_WARN_STRICT_PROTOTYPES = YES;
				CLANG_WARN_SUSPICIOUS_MOVE = YES;
				CLANG_WARN_UNGUARDED_AVAILABILITY = YES_AGGRESSIVE;
				CLANG_WARN_UNREACHABLE_CODE = YES;
				CLANG_WARN__DUPLICATE_METHOD_MATCH = YES;
				COPY_PHASE_STRIP = NO;
				DEBUG_INFORMATION_FORMAT = "dwarf-with-dsym";
				ENABLE_NS_ASSERTIONS = NO;
				ENABLE_STRICT_OBJC_MSGSEND = YES;
				GCC_C_LANGUAGE_STANDARD = gnu11;
				GCC_NO_COMMON_BLOCKS = YES;
				GCC_WARN_64_TO_32_BIT_CONVERSION = YES;
				GCC_WARN_ABOUT_RETURN_TYPE = YES_ERROR;
				GCC_WARN_UNDECLARED_SELECTOR = YES;
				GCC_WARN_UNINITIALIZED_AUTOS = YES_AGGRESSIVE;
				GCC_WARN_UNUSED_FUNCTION = YES;
				GCC_WARN_UNUSED_VARIABLE = YES;
				IPHONEOS_DEPLOYMENT_TARGET = 14.4;
				MTL_ENABLE_DEBUG_INFO = NO;
				MTL_FAST_MATH = YES;
				SDKROOT = iphoneos;
				SWIFT_COMPILATION_MODE = wholemodule;
				SWIFT_OPTIMIZATION_LEVEL = "-O";
				VALIDATE_PRODUCT = YES;
			};
			name = Release;
		};
		2C81FB722624CDAD0093DF0B /* Debug */ = {
			isa = XCBuildConfiguration;
			buildSettings = {
				ASSETCATALOG_COMPILER_APPICON_NAME = AppIcon;
				ASSETCATALOG_COMPILER_GLOBAL_ACCENT_COLOR_NAME = AccentColor;
				CODE_SIGN_STYLE = Automatic;
				DEVELOPMENT_ASSET_PATHS = "\"SnowSeeker/Preview Content\"";
				DEVELOPMENT_TEAM = NN22X3ZRTV;
				ENABLE_PREVIEWS = YES;
				INFOPLIST_FILE = SnowSeeker/Info.plist;
				IPHONEOS_DEPLOYMENT_TARGET = 14.0;
				LD_RUNPATH_SEARCH_PATHS = (
					"$(inherited)",
					"@executable_path/Frameworks",
				);
				PRODUCT_BUNDLE_IDENTIFIER = com.godaddysites.zerotwoswift.SnowSeeker;
				PRODUCT_NAME = "$(TARGET_NAME)";
				SWIFT_VERSION = 5.0;
				TARGETED_DEVICE_FAMILY = "1,2";
			};
			name = Debug;
		};
		2C81FB732624CDAD0093DF0B /* Release */ = {
			isa = XCBuildConfiguration;
			buildSettings = {
				ASSETCATALOG_COMPILER_APPICON_NAME = AppIcon;
				ASSETCATALOG_COMPILER_GLOBAL_ACCENT_COLOR_NAME = AccentColor;
				CODE_SIGN_STYLE = Automatic;
				DEVELOPMENT_ASSET_PATHS = "\"SnowSeeker/Preview Content\"";
				DEVELOPMENT_TEAM = NN22X3ZRTV;
				ENABLE_PREVIEWS = YES;
				INFOPLIST_FILE = SnowSeeker/Info.plist;
				IPHONEOS_DEPLOYMENT_TARGET = 14.0;
				LD_RUNPATH_SEARCH_PATHS = (
					"$(inherited)",
					"@executable_path/Frameworks",
				);
				PRODUCT_BUNDLE_IDENTIFIER = com.godaddysites.zerotwoswift.SnowSeeker;
				PRODUCT_NAME = "$(TARGET_NAME)";
				SWIFT_VERSION = 5.0;
				TARGETED_DEVICE_FAMILY = "1,2";
			};
			name = Release;
		};
/* End XCBuildConfiguration section */

/* Begin XCConfigurationList section */
		2C81FB5D2624CDAC0093DF0B /* Build configuration list for PBXProject "SnowSeeker" */ = {
			isa = XCConfigurationList;
			buildConfigurations = (
				2C81FB6F2624CDAD0093DF0B /* Debug */,
				2C81FB702624CDAD0093DF0B /* Release */,
			);
			defaultConfigurationIsVisible = 0;
			defaultConfigurationName = Release;
		};
		2C81FB712624CDAD0093DF0B /* Build configuration list for PBXNativeTarget "SnowSeeker" */ = {
			isa = XCConfigurationList;
			buildConfigurations = (
				2C81FB722624CDAD0093DF0B /* Debug */,
				2C81FB732624CDAD0093DF0B /* Release */,
			);
			defaultConfigurationIsVisible = 0;
			defaultConfigurationName = Release;
		};
/* End XCConfigurationList section */
	};
	rootObject = 2C81FB5A2624CDAC0093DF0B /* Project object */;
}
