// !$*UTF8*$!
{
	archiveVersion = 1;
	classes = {
	};
	objectVersion = 52;
	objects = {

/* Begin PBXBuildFile section */
		2C039C3126127893003BF8A6 /* CodeScanner in Frameworks */ = {isa = PBXBuildFile; productRef = 2C039C3026127893003BF8A6 /* CodeScanner */; };
		2C572C2B260FEEC7006A5C40 /* Prospect.swift in Sources */ = {isa = PBXBuildFile; fileRef = 2C572C2A260FEEC7006A5C40 /* Prospect.swift */; };
		2C93AD0E260FE8B9008DAFD5 /* Hot_prospectsApp.swift in Sources */ = {isa = PBXBuildFile; fileRef = 2C93AD0D260FE8B9008DAFD5 /* Hot_prospectsApp.swift */; };
		2C93AD10260FE8B9008DAFD5 /* ContentView.swift in Sources */ = {isa = PBXBuildFile; fileRef = 2C93AD0F260FE8B9008DAFD5 /* ContentView.swift */; };
		2C93AD12260FE8B9008DAFD5 /* Assets.xcassets in Resources */ = {isa = PBXBuildFile; fileRef = 2C93AD11260FE8B9008DAFD5 /* Assets.xcassets */; };
		2C93AD15260FE8B9008DAFD5 /* Preview Assets.xcassets in Resources */ = {isa = PBXBuildFile; fileRef = 2C93AD14260FE8B9008DAFD5 /* Preview Assets.xcassets */; };
		2C93AD1E260FE968008DAFD5 /* ProspectsView.swift in Sources */ = {isa = PBXBuildFile; fileRef = 2C93AD1D260FE968008DAFD5 /* ProspectsView.swift */; };
		2C93AD21260FE972008DAFD5 /* MeView.swift in Sources */ = {isa = PBXBuildFile; fileRef = 2C93AD20260FE972008DAFD5 /* MeView.swift */; };
/* End PBXBuildFile section */

/* Begin PBXFileReference section */
		2C572C2A260FEEC7006A5C40 /* Prospect.swift */ = {isa = PBXFileReference; lastKnownFileType = sourcecode.swift; path = Prospect.swift; sourceTree = "<group>"; };
		2C93AD0A260FE8B9008DAFD5 /* Hot prospects.app */ = {isa = PBXFileReference; explicitFileType = wrapper.application; includeInIndex = 0; path = "Hot prospects.app"; sourceTree = BUILT_PRODUCTS_DIR; };
		2C93AD0D260FE8B9008DAFD5 /* Hot_prospectsApp.swift */ = {isa = PBXFileReference; lastKnownFileType = sourcecode.swift; path = Hot_prospectsApp.swift; sourceTree = "<group>"; };
		2C93AD0F260FE8B9008DAFD5 /* ContentView.swift */ = {isa = PBXFileReference; lastKnownFileType = sourcecode.swift; path = ContentView.swift; sourceTree = "<group>"; };
		2C93AD11260FE8B9008DAFD5 /* Assets.xcassets */ = {isa = PBXFileReference; lastKnownFileType = folder.assetcatalog; path = Assets.xcassets; sourceTree = "<group>"; };
		2C93AD14260FE8B9008DAFD5 /* Preview Assets.xcassets */ = {isa = PBXFileReference; lastKnownFileType = folder.assetcatalog; path = "Preview Assets.xcassets"; sourceTree = "<group>"; };
		2C93AD16260FE8B9008DAFD5 /* Info.plist */ = {isa = PBXFileReference; lastKnownFileType = text.plist.xml; path = Info.plist; sourceTree = "<group>"; };
		2C93AD1D260FE968008DAFD5 /* ProspectsView.swift */ = {isa = PBXFileReference; lastKnownFileType = sourcecode.swift; path = ProspectsView.swift; sourceTree = "<group>"; };
		2C93AD20260FE972008DAFD5 /* MeView.swift */ = {isa = PBXFileReference; lastKnownFileType = sourcecode.swift; path = MeView.swift; sourceTree = "<group>"; };
/* End PBXFileReference section */

/* Begin PBXFrameworksBuildPhase section */
		2C93AD07260FE8B9008DAFD5 /* Frameworks */ = {
			isa = PBXFrameworksBuildPhase;
			buildActionMask = 2147483647;
			files = (
				2C039C3126127893003BF8A6 /* CodeScanner in Frameworks */,
			);
			runOnlyForDeploymentPostprocessing = 0;
		};
/* End PBXFrameworksBuildPhase section */

/* Begin PBXGroup section */
		2C93AD01260FE8B9008DAFD5 = {
			isa = PBXGroup;
			children = (
				2C93AD0C260FE8B9008DAFD5 /* Hot prospects */,
				2C93AD0B260FE8B9008DAFD5 /* Products */,
			);
			sourceTree = "<group>";
		};
		2C93AD0B260FE8B9008DAFD5 /* Products */ = {
			isa = PBXGroup;
			children = (
				2C93AD0A260FE8B9008DAFD5 /* Hot prospects.app */,
			);
			name = Products;
			sourceTree = "<group>";
		};
		2C93AD0C260FE8B9008DAFD5 /* Hot prospects */ = {
			isa = PBXGroup;
			children = (
				2C93AD0D260FE8B9008DAFD5 /* Hot_prospectsApp.swift */,
				2C93AD0F260FE8B9008DAFD5 /* ContentView.swift */,
				2C572C2A260FEEC7006A5C40 /* Prospect.swift */,
				2C93AD1D260FE968008DAFD5 /* ProspectsView.swift */,
				2C93AD20260FE972008DAFD5 /* MeView.swift */,
				2C93AD11260FE8B9008DAFD5 /* Assets.xcassets */,
				2C93AD16260FE8B9008DAFD5 /* Info.plist */,
				2C93AD13260FE8B9008DAFD5 /* Preview Content */,
			);
			path = "Hot prospects";
			sourceTree = "<group>";
		};
		2C93AD13260FE8B9008DAFD5 /* Preview Content */ = {
			isa = PBXGroup;
			children = (
				2C93AD14260FE8B9008DAFD5 /* Preview Assets.xcassets */,
			);
			path = "Preview Content";
			sourceTree = "<group>";
		};
/* End PBXGroup section */

/* Begin PBXNativeTarget section */
		2C93AD09260FE8B9008DAFD5 /* Hot prospects */ = {
			isa = PBXNativeTarget;
			buildConfigurationList = 2C93AD19260FE8B9008DAFD5 /* Build configuration list for PBXNativeTarget "Hot prospects" */;
			buildPhases = (
				2C93AD06260FE8B9008DAFD5 /* Sources */,
				2C93AD07260FE8B9008DAFD5 /* Frameworks */,
				2C93AD08260FE8B9008DAFD5 /* Resources */,
			);
			buildRules = (
			);
			dependencies = (
			);
			name = "Hot prospects";
			packageProductDependencies = (
				2C039C3026127893003BF8A6 /* CodeScanner */,
			);
			productName = "Hot prospects";
			productReference = 2C93AD0A260FE8B9008DAFD5 /* Hot prospects.app */;
			productType = "com.apple.product-type.application";
		};
/* End PBXNativeTarget section */

/* Begin PBXProject section */
		2C93AD02260FE8B9008DAFD5 /* Project object */ = {
			isa = PBXProject;
			attributes = {
				LastSwiftUpdateCheck = 1240;
				LastUpgradeCheck = 1240;
				TargetAttributes = {
					2C93AD09260FE8B9008DAFD5 = {
						CreatedOnToolsVersion = 12.4;
					};
				};
			};
			buildConfigurationList = 2C93AD05260FE8B9008DAFD5 /* Build configuration list for PBXProject "Hot prospects" */;
			compatibilityVersion = "Xcode 9.3";
			developmentRegion = en;
			hasScannedForEncodings = 0;
			knownRegions = (
				en,
				Base,
			);
			mainGroup = 2C93AD01260FE8B9008DAFD5;
			packageReferences = (
				2C039C2F26127893003BF8A6 /* XCRemoteSwiftPackageReference "CodeScanner" */,
			);
			productRefGroup = 2C93AD0B260FE8B9008DAFD5 /* Products */;
			projectDirPath = "";
			projectRoot = "";
			targets = (
				2C93AD09260FE8B9008DAFD5 /* Hot prospects */,
			);
		};
/* End PBXProject section */

/* Begin PBXResourcesBuildPhase section */
		2C93AD08260FE8B9008DAFD5 /* Resources */ = {
			isa = PBXResourcesBuildPhase;
			buildActionMask = 2147483647;
			files = (
				2C93AD15260FE8B9008DAFD5 /* Preview Assets.xcassets in Resources */,
				2C93AD12260FE8B9008DAFD5 /* Assets.xcassets in Resources */,
			);
			runOnlyForDeploymentPostprocessing = 0;
		};
/* End PBXResourcesBuildPhase section */

/* Begin PBXSourcesBuildPhase section */
		2C93AD06260FE8B9008DAFD5 /* Sources */ = {
			isa = PBXSourcesBuildPhase;
			buildActionMask = 2147483647;
			files = (
				2C93AD21260FE972008DAFD5 /* MeView.swift in Sources */,
				2C572C2B260FEEC7006A5C40 /* Prospect.swift in Sources */,
				2C93AD1E260FE968008DAFD5 /* ProspectsView.swift in Sources */,
				2C93AD10260FE8B9008DAFD5 /* ContentView.swift in Sources */,
				2C93AD0E260FE8B9008DAFD5 /* Hot_prospectsApp.swift in Sources */,
			);
			runOnlyForDeploymentPostprocessing = 0;
		};
/* End PBXSourcesBuildPhase section */

/* Begin XCBuildConfiguration section */
		2C93AD17260FE8B9008DAFD5 /* Debug */ = {
			isa = XCBuildConfiguration;
			buildSettings = {
				ALWAYS_SEARCH_USER_PATHS = NO;
				CLANG_ANALYZER_NONNULL = YES;
				CLANG_ANALYZER_NUMBER_OBJECT_CONVERSION = YES_AGGRESSIVE;
				CLANG_CXX_LANGUAGE_STANDARD = "gnu++14";
				CLANG_CXX_LIBRARY = "libc++";
				CLANG_ENABLE_MODULES = YES;
				CLANG_ENABLE_OBJC_ARC = YES;
				CLANG_ENABLE_OBJC_WEAK = YES;
				CLANG_WARN_BLOCK_CAPTURE_AUTORELEASING = YES;
				CLANG_WARN_BOOL_CONVERSION = YES;
				CLANG_WARN_COMMA = YES;
				CLANG_WARN_CONSTANT_CONVERSION = YES;
				CLANG_WARN_DEPRECATED_OBJC_IMPLEMENTATIONS = YES;
				CLANG_WARN_DIRECT_OBJC_ISA_USAGE = YES_ERROR;
				CLANG_WARN_DOCUMENTATION_COMMENTS = YES;
				CLANG_WARN_EMPTY_BODY = YES;
				CLANG_WARN_ENUM_CONVERSION = YES;
				CLANG_WARN_INFINITE_RECURSION = YES;
				CLANG_WARN_INT_CONVERSION = YES;
				CLANG_WARN_NON_LITERAL_NULL_CONVERSION = YES;
				CLANG_WARN_OBJC_IMPLICIT_RETAIN_SELF = YES;
				CLANG_WARN_OBJC_LITERAL_CONVERSION = YES;
				CLANG_WARN_OBJC_ROOT_CLASS = YES_ERROR;
				CLANG_WARN_QUOTED_INCLUDE_IN_FRAMEWORK_HEADER = YES;
				CLANG_WARN_RANGE_LOOP_ANALYSIS = YES;
				CLANG_WARN_STRICT_PROTOTYPES = YES;
				CLANG_WARN_SUSPICIOUS_MOVE = YES;
				CLANG_WARN_UNGUARDED_AVAILABILITY = YES_AGGRESSIVE;
				CLANG_WARN_UNREACHABLE_CODE = YES;
				CLANG_WARN__DUPLICATE_METHOD_MATCH = YES;
				COPY_PHASE_STRIP = NO;
				DEBUG_INFORMATION_FORMAT = dwarf;
				ENABLE_STRICT_OBJC_MSGSEND = YES;
				ENABLE_TESTABILITY = YES;
				GCC_C_LANGUAGE_STANDARD = gnu11;
				GCC_DYNAMIC_NO_PIC = NO;
				GCC_NO_COMMON_BLOCKS = YES;
				GCC_OPTIMIZATION_LEVEL = 0;
				GCC_PREPROCESSOR_DEFINITIONS = (
					"DEBUG=1",
					"$(inherited)",
				);
				GCC_WARN_64_TO_32_BIT_CONVERSION = YES;
				GCC_WARN_ABOUT_RETURN_TYPE = YES_ERROR;
				GCC_WARN_UNDECLARED_SELECTOR = YES;
				GCC_WARN_UNINITIALIZED_AUTOS = YES_AGGRESSIVE;
				GCC_WARN_UNUSED_FUNCTION = YES;
				GCC_WARN_UNUSED_VARIABLE = YES;
				IPHONEOS_DEPLOYMENT_TARGET = 14.4;
				MTL_ENABLE_DEBUG_INFO = INCLUDE_SOURCE;
				MTL_FAST_MATH = YES;
				ONLY_ACTIVE_ARCH = YES;
				SDKROOT = iphoneos;
				SWIFT_ACTIVE_COMPILATION_CONDITIONS = DEBUG;
				SWIFT_OPTIMIZATION_LEVEL = "-Onone";
			};
			name = Debug;
		};
		2C93AD18260FE8B9008DAFD5 /* Release */ = {
			isa = XCBuildConfiguration;
			buildSettings = {
				ALWAYS_SEARCH_USER_PATHS = NO;
				CLANG_ANALYZER_NONNULL = YES;
				CLANG_ANALYZER_NUMBER_OBJECT_CONVERSION = YES_AGGRESSIVE;
				CLANG_CXX_LANGUAGE_STANDARD = "gnu++14";
				CLANG_CXX_LIBRARY = "libc++";
				CLANG_ENABLE_MODULES = YES;
				CLANG_ENABLE_OBJC_ARC = YES;
				CLANG_ENABLE_OBJC_WEAK = YES;
				CLANG_WARN_BLOCK_CAPTURE_AUTORELEASING = YES;
				CLANG_WARN_BOOL_CONVERSION = YES;
				CLANG_WARN_COMMA = YES;
				CLANG_WARN_CONSTANT_CONVERSION = YES;
				CLANG_WARN_DEPRECATED_OBJC_IMPLEMENTATIONS = YES;
				CLANG_WARN_DIRECT_OBJC_ISA_USAGE = YES_ERROR;
				CLANG_WARN_DOCUMENTATION_COMMENTS = YES;
				CLANG_WARN_EMPTY_BODY = YES;
				CLANG_WARN_ENUM_CONVERSION = YES;
				CLANG_WARN_INFINITE_RECURSION = YES;
				CLANG_WARN_INT_CONVERSION = YES;
				CLANG_WARN_NON_LITERAL_NULL_CONVERSION = YES;
				CLANG_WARN_OBJC_IMPLICIT_RETAIN_SELF = YES;
				CLANG_WARN_OBJC_LITERAL_CONVERSION = YES;
				CLANG_WARN_OBJC_ROOT_CLASS = YES_ERROR;
				CLANG_WARN_QUOTED_INCLUDE_IN_FRAMEWORK_HEADER = YES;
				CLANG_WARN_RANGE_LOOP_ANALYSIS = YES;
				CLANG_WARN_STRICT_PROTOTYPES = YES;
				CLANG_WARN_SUSPICIOUS_MOVE = YES;
				CLANG_WARN_UNGUARDED_AVAILABILITY = YES_AGGRESSIVE;
				CLANG_WARN_UNREACHABLE_CODE = YES;
				CLANG_WARN__DUPLICATE_METHOD_MATCH = YES;
				COPY_PHASE_STRIP = NO;
				DEBUG_INFORMATION_FORMAT = "dwarf-with-dsym";
				ENABLE_NS_ASSERTIONS = NO;
				ENABLE_STRICT_OBJC_MSGSEND = YES;
				GCC_C_LANGUAGE_STANDARD = gnu11;
				GCC_NO_COMMON_BLOCKS = YES;
				GCC_WARN_64_TO_32_BIT_CONVERSION = YES;
				GCC_WARN_ABOUT_RETURN_TYPE = YES_ERROR;
				GCC_WARN_UNDECLARED_SELECTOR = YES;
				GCC_WARN_UNINITIALIZED_AUTOS = YES_AGGRESSIVE;
				GCC_WARN_UNUSED_FUNCTION = YES;
				GCC_WARN_UNUSED_VARIABLE = YES;
				IPHONEOS_DEPLOYMENT_TARGET = 14.4;
				MTL_ENABLE_DEBUG_INFO = NO;
				MTL_FAST_MATH = YES;
				SDKROOT = iphoneos;
				SWIFT_COMPILATION_MODE = wholemodule;
				SWIFT_OPTIMIZATION_LEVEL = "-O";
				VALIDATE_PRODUCT = YES;
			};
			name = Release;
		};
		2C93AD1A260FE8B9008DAFD5 /* Debug */ = {
			isa = XCBuildConfiguration;
			buildSettings = {
				ASSETCATALOG_COMPILER_APPICON_NAME = AppIcon;
				ASSETCATALOG_COMPILER_GLOBAL_ACCENT_COLOR_NAME = AccentColor;
				CODE_SIGN_STYLE = Automatic;
				DEVELOPMENT_ASSET_PATHS = "\"Hot prospects/Preview Content\"";
				DEVELOPMENT_TEAM = NN22X3ZRTV;
				ENABLE_PREVIEWS = YES;
				INFOPLIST_FILE = "Hot prospects/Info.plist";
				IPHONEOS_DEPLOYMENT_TARGET = 14.0;
				LD_RUNPATH_SEARCH_PATHS = (
					"$(inherited)",
					"@executable_path/Frameworks",
				);
				PRODUCT_BUNDLE_IDENTIFIER = "com.godaddysites.zerotwoswift.Hot-prospects";
				PRODUCT_NAME = "$(TARGET_NAME)";
				SWIFT_VERSION = 5.0;
				TARGETED_DEVICE_FAMILY = "1,2";
			};
			name = Debug;
		};
		2C93AD1B260FE8B9008DAFD5 /* Release */ = {
			isa = XCBuildConfiguration;
			buildSettings = {
				ASSETCATALOG_COMPILER_APPICON_NAME = AppIcon;
				ASSETCATALOG_COMPILER_GLOBAL_ACCENT_COLOR_NAME = AccentColor;
				CODE_SIGN_STYLE = Automatic;
				DEVELOPMENT_ASSET_PATHS = "\"Hot prospects/Preview Content\"";
				DEVELOPMENT_TEAM = NN22X3ZRTV;
				ENABLE_PREVIEWS = YES;
				INFOPLIST_FILE = "Hot prospects/Info.plist";
				IPHONEOS_DEPLOYMENT_TARGET = 14.0;
				LD_RUNPATH_SEARCH_PATHS = (
					"$(inherited)",
					"@executable_path/Frameworks",
				);
				PRODUCT_BUNDLE_IDENTIFIER = "com.godaddysites.zerotwoswift.Hot-prospects";
				PRODUCT_NAME = "$(TARGET_NAME)";
				SWIFT_VERSION = 5.0;
				TARGETED_DEVICE_FAMILY = "1,2";
			};
			name = Release;
		};
/* End XCBuildConfiguration section */

/* Begin XCConfigurationList section */
		2C93AD05260FE8B9008DAFD5 /* Build configuration list for PBXProject "Hot prospects" */ = {
			isa = XCConfigurationList;
			buildConfigurations = (
				2C93AD17260FE8B9008DAFD5 /* Debug */,
				2C93AD18260FE8B9008DAFD5 /* Release */,
			);
			defaultConfigurationIsVisible = 0;
			defaultConfigurationName = Release;
		};
		2C93AD19260FE8B9008DAFD5 /* Build configuration list for PBXNativeTarget "Hot prospects" */ = {
			isa = XCConfigurationList;
			buildConfigurations = (
				2C93AD1A260FE8B9008DAFD5 /* Debug */,
				2C93AD1B260FE8B9008DAFD5 /* Release */,
			);
			defaultConfigurationIsVisible = 0;
			defaultConfigurationName = Release;
		};
/* End XCConfigurationList section */

/* Begin XCRemoteSwiftPackageReference section */
		2C039C2F26127893003BF8A6 /* XCRemoteSwiftPackageReference "CodeScanner" */ = {
			isa = XCRemoteSwiftPackageReference;
			repositoryURL = "https://github.com/twostraws/CodeScanner";
			requirement = {
				kind = upToNextMajorVersion;
				minimumVersion = 1.0.7;
			};
		};
/* End XCRemoteSwiftPackageReference section */

/* Begin XCSwiftPackageProductDependency section */
		2C039C3026127893003BF8A6 /* CodeScanner */ = {
			isa = XCSwiftPackageProductDependency;
			package = 2C039C2F26127893003BF8A6 /* XCRemoteSwiftPackageReference "CodeScanner" */;
			productName = CodeScanner;
		};
/* End XCSwiftPackageProductDependency section */
	};
	rootObject = 2C93AD02260FE8B9008DAFD5 /* Project object */;
}
